
Microsoft Visual Studio Solution File, Format Version 12.00
# Visual Studio Version 17
VisualStudioVersion = 17.0.31912.275
MinimumVisualStudioVersion = 10.0.40219.1
Project("{FAE04EC0-301F-11D3-BF4B-00C04F79EFBC}") = "Squares server", "Squares server\Squares server.csproj", "{86FAED99-3074-4C71-9CB5-A7676BEC129F}"
EndProject
Global
	GlobalSection(SolutionConfigurationPlatforms) = preSolution
		Debug|Any CPU = Debug|Any CPU
		Release|Any CPU = Release|Any CPU
	EndGlobalSection
	GlobalSection(ProjectConfigurationPlatforms) = postSolution
		{86FAED99-3074-4C71-9CB5-A7676BEC129F}.Debug|Any CPU.ActiveCfg = Debug|Any CPU
		{86FAED99-3074-4C71-9CB5-A7676BEC129F}.Debug|Any CPU.Build.0 = Debug|Any CPU
		{86FAED99-3074-4C71-9CB5-A7676BEC129F}.Release|Any CPU.ActiveCfg = Release|Any CPU
		{86FAED99-3074-4C71-9CB5-A7676BEC129F}.Release|Any CPU.Build.0 = Release|Any CPU
	EndGlobalSection
	GlobalSection(SolutionProperties) = preSolution
		HideSolutionNode = FALSE
	EndGlobalSection
	GlobalSection(ExtensibilityGlobals) = postSolution
		SolutionGuid = {ED71D103-726F-45A9-B7E6-33B2FB9BFABF}
	EndGlobalSection
EndGlobal
